// !$*UTF8*$!
{
	archiveVersion = 1;
	classes = {
	};
	objectVersion = 56;
	objects = {

/* Begin PBXBuildFile section */
		5277C7592A0970E200E11443 /* AppDelegate.swift in Sources */ = {isa = PBXBuildFile; fileRef = 5277C7582A0970E200E11443 /* AppDelegate.swift */; };
		5277C75B2A0970E200E11443 /* SceneDelegate.swift in Sources */ = {isa = PBXBuildFile; fileRef = 5277C75A2A0970E200E11443 /* SceneDelegate.swift */; };
		5277C75D2A0970E200E11443 /* ViewController.swift in Sources */ = {isa = PBXBuildFile; fileRef = 5277C75C2A0970E200E11443 /* ViewController.swift */; };
		5277C7632A0970E200E11443 /* Noties.xcdatamodeld in Sources */ = {isa = PBXBuildFile; fileRef = 5277C7612A0970E200E11443 /* Noties.xcdatamodeld */; };
		5277C7652A0970E400E11443 /* Assets.xcassets in Resources */ = {isa = PBXBuildFile; fileRef = 5277C7642A0970E400E11443 /* Assets.xcassets */; };
		5277C7682A0970E400E11443 /* LaunchScreen.storyboard in Resources */ = {isa = PBXBuildFile; fileRef = 5277C7662A0970E400E11443 /* LaunchScreen.storyboard */; };
		5277C78C2A0A386E00E11443 /* NotesScreenViewController.swift in Sources */ = {isa = PBXBuildFile; fileRef = 5277C78B2A0A386E00E11443 /* NotesScreenViewController.swift */; };
		5277C78E2A0A388100E11443 /* NotesScreenView.swift in Sources */ = {isa = PBXBuildFile; fileRef = 5277C78D2A0A388100E11443 /* NotesScreenView.swift */; };
		5277C7902A0A39E100E11443 /* ViewSetuping.swift in Sources */ = {isa = PBXBuildFile; fileRef = 5277C78F2A0A39E100E11443 /* ViewSetuping.swift */; };
		5277C7922A0A3B9900E11443 /* NotiesTabBarController.swift in Sources */ = {isa = PBXBuildFile; fileRef = 5277C7912A0A3B9900E11443 /* NotiesTabBarController.swift */; };
/* End PBXBuildFile section */

/* Begin PBXFileReference section */
		5277C7552A0970E200E11443 /* Noties.app */ = {isa = PBXFileReference; explicitFileType = wrapper.application; includeInIndex = 0; path = Noties.app; sourceTree = BUILT_PRODUCTS_DIR; };
		5277C7582A0970E200E11443 /* AppDelegate.swift */ = {isa = PBXFileReference; lastKnownFileType = sourcecode.swift; path = AppDelegate.swift; sourceTree = "<group>"; };
		5277C75A2A0970E200E11443 /* SceneDelegate.swift */ = {isa = PBXFileReference; lastKnownFileType = sourcecode.swift; path = SceneDelegate.swift; sourceTree = "<group>"; };
		5277C75C2A0970E200E11443 /* ViewController.swift */ = {isa = PBXFileReference; lastKnownFileType = sourcecode.swift; path = ViewController.swift; sourceTree = "<group>"; };
		5277C7622A0970E200E11443 /* Noties.xcdatamodel */ = {isa = PBXFileReference; lastKnownFileType = wrapper.xcdatamodel; path = Noties.xcdatamodel; sourceTree = "<group>"; };
		5277C7642A0970E400E11443 /* Assets.xcassets */ = {isa = PBXFileReference; lastKnownFileType = folder.assetcatalog; path = Assets.xcassets; sourceTree = "<group>"; };
		5277C7672A0970E400E11443 /* Base */ = {isa = PBXFileReference; lastKnownFileType = file.storyboard; name = Base; path = Base.lproj/LaunchScreen.storyboard; sourceTree = "<group>"; };
		5277C7692A0970E400E11443 /* Info.plist */ = {isa = PBXFileReference; lastKnownFileType = text.plist.xml; path = Info.plist; sourceTree = "<group>"; };
		5277C78B2A0A386E00E11443 /* NotesScreenViewController.swift */ = {isa = PBXFileReference; lastKnownFileType = sourcecode.swift; path = NotesScreenViewController.swift; sourceTree = "<group>"; };
		5277C78D2A0A388100E11443 /* NotesScreenView.swift */ = {isa = PBXFileReference; lastKnownFileType = sourcecode.swift; path = NotesScreenView.swift; sourceTree = "<group>"; };
		5277C78F2A0A39E100E11443 /* ViewSetuping.swift */ = {isa = PBXFileReference; lastKnownFileType = sourcecode.swift; name = ViewSetuping.swift; path = Noties/NotesScreen/NotesScreenView/ViewSetuping.swift; sourceTree = SOURCE_ROOT; };
		5277C7912A0A3B9900E11443 /* NotiesTabBarController.swift */ = {isa = PBXFileReference; lastKnownFileType = sourcecode.swift; name = NotiesTabBarController.swift; path = Noties/NotesScreen/NotesScreenView/NotiesTabBarController.swift; sourceTree = SOURCE_ROOT; };
/* End PBXFileReference section */

/* Begin PBXFrameworksBuildPhase section */
		5277C7522A0970E200E11443 /* Frameworks */ = {
			isa = PBXFrameworksBuildPhase;
			buildActionMask = 2147483647;
			files = (
			);
			runOnlyForDeploymentPostprocessing = 0;
		};
/* End PBXFrameworksBuildPhase section */

/* Begin PBXGroup section */
		5277C74C2A0970E200E11443 = {
			isa = PBXGroup;
			children = (
				5277C7572A0970E200E11443 /* Noties */,
				5277C7562A0970E200E11443 /* Products */,
			);
			sourceTree = "<group>";
		};
		5277C7562A0970E200E11443 /* Products */ = {
			isa = PBXGroup;
			children = (
				5277C7552A0970E200E11443 /* Noties.app */,
			);
			name = Products;
			sourceTree = "<group>";
		};
		5277C7572A0970E200E11443 /* Noties */ = {
			isa = PBXGroup;
			children = (
				5277C77A2A097DEC00E11443 /* Global */,
				5277C76F2A0977C000E11443 /* TabBar */,
				5277C7732A09783B00E11443 /* LoginScreen */,
				5277C7722A09780000E11443 /* NotesScreen */,
				5277C7712A0977ED00E11443 /* MapsScreen */,
				5277C7742A09786300E11443 /* ProfileScren */,
				5277C7582A0970E200E11443 /* AppDelegate.swift */,
				5277C75A2A0970E200E11443 /* SceneDelegate.swift */,
				5277C75C2A0970E200E11443 /* ViewController.swift */,
				5277C7642A0970E400E11443 /* Assets.xcassets */,
				5277C7662A0970E400E11443 /* LaunchScreen.storyboard */,
				5277C7692A0970E400E11443 /* Info.plist */,
				5277C7612A0970E200E11443 /* Noties.xcdatamodeld */,
			);
			path = Noties;
			sourceTree = "<group>";
		};
		5277C76F2A0977C000E11443 /* TabBar */ = {
			isa = PBXGroup;
			children = (
				5277C7912A0A3B9900E11443 /* NotiesTabBarController.swift */,
			);
			path = TabBar;
			sourceTree = "<group>";
		};
		5277C7712A0977ED00E11443 /* MapsScreen */ = {
			isa = PBXGroup;
			children = (
			);
			path = MapsScreen;
			sourceTree = "<group>";
		};
		5277C7722A09780000E11443 /* NotesScreen */ = {
			isa = PBXGroup;
			children = (
				5277C7882A0A37C600E11443 /* NotesScreenDataModel */,
				5277C7892A0A37D800E11443 /* NotesScreenViewModel */,
				5277C78A2A0A383900E11443 /* NotesScreenView */,
			);
			path = NotesScreen;
			sourceTree = "<group>";
		};
		5277C7732A09783B00E11443 /* LoginScreen */ = {
			isa = PBXGroup;
			children = (
			);
			path = LoginScreen;
			sourceTree = "<group>";
		};
		5277C7742A09786300E11443 /* ProfileScren */ = {
			isa = PBXGroup;
			children = (
			);
			path = ProfileScren;
			sourceTree = "<group>";
		};
		5277C77A2A097DEC00E11443 /* Global */ = {
			isa = PBXGroup;
			children = (
				5277C78F2A0A39E100E11443 /* ViewSetuping.swift */,
			);
			path = Global;
			sourceTree = "<group>";
		};
		5277C7882A0A37C600E11443 /* NotesScreenDataModel */ = {
			isa = PBXGroup;
			children = (
			);
			path = NotesScreenDataModel;
			sourceTree = "<group>";
		};
		5277C7892A0A37D800E11443 /* NotesScreenViewModel */ = {
			isa = PBXGroup;
			children = (
			);
			path = NotesScreenViewModel;
			sourceTree = "<group>";
		};
		5277C78A2A0A383900E11443 /* NotesScreenView */ = {
			isa = PBXGroup;
			children = (
				5277C78B2A0A386E00E11443 /* NotesScreenViewController.swift */,
				5277C78D2A0A388100E11443 /* NotesScreenView.swift */,
			);
			path = NotesScreenView;
			sourceTree = "<group>";
		};
/* End PBXGroup section */

/* Begin PBXNativeTarget section */
		5277C7542A0970E200E11443 /* Noties */ = {
			isa = PBXNativeTarget;
			buildConfigurationList = 5277C76C2A0970E400E11443 /* Build configuration list for PBXNativeTarget "Noties" */;
			buildPhases = (
				5277C7512A0970E200E11443 /* Sources */,
				5277C7522A0970E200E11443 /* Frameworks */,
				5277C7532A0970E200E11443 /* Resources */,
			);
			buildRules = (
			);
			dependencies = (
			);
			name = Noties;
			productName = Noties;
			productReference = 5277C7552A0970E200E11443 /* Noties.app */;
			productType = "com.apple.product-type.application";
		};
/* End PBXNativeTarget section */

/* Begin PBXProject section */
		5277C74D2A0970E200E11443 /* Project object */ = {
			isa = PBXProject;
			attributes = {
				BuildIndependentTargetsInParallel = 1;
				LastSwiftUpdateCheck = 1420;
				LastUpgradeCheck = 1420;
				TargetAttributes = {
					5277C7542A0970E200E11443 = {
						CreatedOnToolsVersion = 14.2;
					};
				};
			};
			buildConfigurationList = 5277C7502A0970E200E11443 /* Build configuration list for PBXProject "Noties" */;
			compatibilityVersion = "Xcode 14.0";
			developmentRegion = en;
			hasScannedForEncodings = 0;
			knownRegions = (
				en,
				Base,
			);
			mainGroup = 5277C74C2A0970E200E11443;
			productRefGroup = 5277C7562A0970E200E11443 /* Products */;
			projectDirPath = "";
			projectRoot = "";
			targets = (
				5277C7542A0970E200E11443 /* Noties */,
			);
		};
/* End PBXProject section */

/* Begin PBXResourcesBuildPhase section */
		5277C7532A0970E200E11443 /* Resources */ = {
			isa = PBXResourcesBuildPhase;
			buildActionMask = 2147483647;
			files = (
				5277C7682A0970E400E11443 /* LaunchScreen.storyboard in Resources */,
				5277C7652A0970E400E11443 /* Assets.xcassets in Resources */,
			);
			runOnlyForDeploymentPostprocessing = 0;
		};
/* End PBXResourcesBuildPhase section */

/* Begin PBXSourcesBuildPhase section */
		5277C7512A0970E200E11443 /* Sources */ = {
			isa = PBXSourcesBuildPhase;
			buildActionMask = 2147483647;
			files = (
				5277C75D2A0970E200E11443 /* ViewController.swift in Sources */,
				5277C7922A0A3B9900E11443 /* NotiesTabBarController.swift in Sources */,
				5277C7632A0970E200E11443 /* Noties.xcdatamodeld in Sources */,
				5277C7592A0970E200E11443 /* AppDelegate.swift in Sources */,
				5277C78C2A0A386E00E11443 /* NotesScreenViewController.swift in Sources */,
				5277C7902A0A39E100E11443 /* ViewSetuping.swift in Sources */,
				5277C78E2A0A388100E11443 /* NotesScreenView.swift in Sources */,
				5277C75B2A0970E200E11443 /* SceneDelegate.swift in Sources */,
			);
			runOnlyForDeploymentPostprocessing = 0;
		};
/* End PBXSourcesBuildPhase section */

/* Begin PBXVariantGroup section */
		5277C7662A0970E400E11443 /* LaunchScreen.storyboard */ = {
			isa = PBXVariantGroup;
			children = (
				5277C7672A0970E400E11443 /* Base */,
			);
			name = LaunchScreen.storyboard;
			sourceTree = "<group>";
		};
/* End PBXVariantGroup section */

/* Begin XCBuildConfiguration section */
		5277C76A2A0970E400E11443 /* Debug */ = {
			isa = XCBuildConfiguration;
			buildSettings = {
				ALWAYS_SEARCH_USER_PATHS = NO;
				CLANG_ANALYZER_NONNULL = YES;
				CLANG_ANALYZER_NUMBER_OBJECT_CONVERSION = YES_AGGRESSIVE;
				CLANG_CXX_LANGUAGE_STANDARD = "gnu++20";
				CLANG_ENABLE_MODULES = YES;
				CLANG_ENABLE_OBJC_ARC = YES;
				CLANG_ENABLE_OBJC_WEAK = YES;
				CLANG_WARN_BLOCK_CAPTURE_AUTORELEASING = YES;
				CLANG_WARN_BOOL_CONVERSION = YES;
				CLANG_WARN_COMMA = YES;
				CLANG_WARN_CONSTANT_CONVERSION = YES;
				CLANG_WARN_DEPRECATED_OBJC_IMPLEMENTATIONS = YES;
				CLANG_WARN_DIRECT_OBJC_ISA_USAGE = YES_ERROR;
				CLANG_WARN_DOCUMENTATION_COMMENTS = YES;
				CLANG_WARN_EMPTY_BODY = YES;
				CLANG_WARN_ENUM_CONVERSION = YES;
				CLANG_WARN_INFINITE_RECURSION = YES;
				CLANG_WARN_INT_CONVERSION = YES;
				CLANG_WARN_NON_LITERAL_NULL_CONVERSION = YES;
				CLANG_WARN_OBJC_IMPLICIT_RETAIN_SELF = YES;
				CLANG_WARN_OBJC_LITERAL_CONVERSION = YES;
				CLANG_WARN_OBJC_ROOT_CLASS = YES_ERROR;
				CLANG_WARN_QUOTED_INCLUDE_IN_FRAMEWORK_HEADER = YES;
				CLANG_WARN_RANGE_LOOP_ANALYSIS = YES;
				CLANG_WARN_STRICT_PROTOTYPES = YES;
				CLANG_WARN_SUSPICIOUS_MOVE = YES;
				CLANG_WARN_UNGUARDED_AVAILABILITY = YES_AGGRESSIVE;
				CLANG_WARN_UNREACHABLE_CODE = YES;
				CLANG_WARN__DUPLICATE_METHOD_MATCH = YES;
				COPY_PHASE_STRIP = NO;
				DEBUG_INFORMATION_FORMAT = dwarf;
				ENABLE_STRICT_OBJC_MSGSEND = YES;
				ENABLE_TESTABILITY = YES;
				GCC_C_LANGUAGE_STANDARD = gnu11;
				GCC_DYNAMIC_NO_PIC = NO;
				GCC_NO_COMMON_BLOCKS = YES;
				GCC_OPTIMIZATION_LEVEL = 0;
				GCC_PREPROCESSOR_DEFINITIONS = (
					"DEBUG=1",
					"$(inherited)",
				);
				GCC_WARN_64_TO_32_BIT_CONVERSION = YES;
				GCC_WARN_ABOUT_RETURN_TYPE = YES_ERROR;
				GCC_WARN_UNDECLARED_SELECTOR = YES;
				GCC_WARN_UNINITIALIZED_AUTOS = YES_AGGRESSIVE;
				GCC_WARN_UNUSED_FUNCTION = YES;
				GCC_WARN_UNUSED_VARIABLE = YES;
				IPHONEOS_DEPLOYMENT_TARGET = 16.2;
				MTL_ENABLE_DEBUG_INFO = INCLUDE_SOURCE;
				MTL_FAST_MATH = YES;
				ONLY_ACTIVE_ARCH = YES;
				SDKROOT = iphoneos;
				SWIFT_ACTIVE_COMPILATION_CONDITIONS = DEBUG;
				SWIFT_OPTIMIZATION_LEVEL = "-Onone";
			};
			name = Debug;
		};
		5277C76B2A0970E400E11443 /* Release */ = {
			isa = XCBuildConfiguration;
			buildSettings = {
				ALWAYS_SEARCH_USER_PATHS = NO;
				CLANG_ANALYZER_NONNULL = YES;
				CLANG_ANALYZER_NUMBER_OBJECT_CONVERSION = YES_AGGRESSIVE;
				CLANG_CXX_LANGUAGE_STANDARD = "gnu++20";
				CLANG_ENABLE_MODULES = YES;
				CLANG_ENABLE_OBJC_ARC = YES;
				CLANG_ENABLE_OBJC_WEAK = YES;
				CLANG_WARN_BLOCK_CAPTURE_AUTORELEASING = YES;
				CLANG_WARN_BOOL_CONVERSION = YES;
				CLANG_WARN_COMMA = YES;
				CLANG_WARN_CONSTANT_CONVERSION = YES;
				CLANG_WARN_DEPRECATED_OBJC_IMPLEMENTATIONS = YES;
				CLANG_WARN_DIRECT_OBJC_ISA_USAGE = YES_ERROR;
				CLANG_WARN_DOCUMENTATION_COMMENTS = YES;
				CLANG_WARN_EMPTY_BODY = YES;
				CLANG_WARN_ENUM_CONVERSION = YES;
				CLANG_WARN_INFINITE_RECURSION = YES;
				CLANG_WARN_INT_CONVERSION = YES;
				CLANG_WARN_NON_LITERAL_NULL_CONVERSION = YES;
				CLANG_WARN_OBJC_IMPLICIT_RETAIN_SELF = YES;
				CLANG_WARN_OBJC_LITERAL_CONVERSION = YES;
				CLANG_WARN_OBJC_ROOT_CLASS = YES_ERROR;
				CLANG_WARN_QUOTED_INCLUDE_IN_FRAMEWORK_HEADER = YES;
				CLANG_WARN_RANGE_LOOP_ANALYSIS = YES;
				CLANG_WARN_STRICT_PROTOTYPES = YES;
				CLANG_WARN_SUSPICIOUS_MOVE = YES;
				CLANG_WARN_UNGUARDED_AVAILABILITY = YES_AGGRESSIVE;
				CLANG_WARN_UNREACHABLE_CODE = YES;
				CLANG_WARN__DUPLICATE_METHOD_MATCH = YES;
				COPY_PHASE_STRIP = NO;
				DEBUG_INFORMATION_FORMAT = "dwarf-with-dsym";
				ENABLE_NS_ASSERTIONS = NO;
				ENABLE_STRICT_OBJC_MSGSEND = YES;
				GCC_C_LANGUAGE_STANDARD = gnu11;
				GCC_NO_COMMON_BLOCKS = YES;
				GCC_WARN_64_TO_32_BIT_CONVERSION = YES;
				GCC_WARN_ABOUT_RETURN_TYPE = YES_ERROR;
				GCC_WARN_UNDECLARED_SELECTOR = YES;
				GCC_WARN_UNINITIALIZED_AUTOS = YES_AGGRESSIVE;
				GCC_WARN_UNUSED_FUNCTION = YES;
				GCC_WARN_UNUSED_VARIABLE = YES;
				IPHONEOS_DEPLOYMENT_TARGET = 16.2;
				MTL_ENABLE_DEBUG_INFO = NO;
				MTL_FAST_MATH = YES;
				SDKROOT = iphoneos;
				SWIFT_COMPILATION_MODE = wholemodule;
				SWIFT_OPTIMIZATION_LEVEL = "-O";
				VALIDATE_PRODUCT = YES;
			};
			name = Release;
		};
		5277C76D2A0970E400E11443 /* Debug */ = {
			isa = XCBuildConfiguration;
			buildSettings = {
				ASSETCATALOG_COMPILER_APPICON_NAME = AppIcon;
				ASSETCATALOG_COMPILER_GLOBAL_ACCENT_COLOR_NAME = AccentColor;
				CODE_SIGN_STYLE = Automatic;
				CURRENT_PROJECT_VERSION = 1;
				DEVELOPMENT_TEAM = JDU8X493KS;
				GENERATE_INFOPLIST_FILE = YES;
				INFOPLIST_FILE = Noties/Info.plist;
				INFOPLIST_KEY_LSApplicationCategoryType = "public.app-category.productivity";
				INFOPLIST_KEY_UIApplicationSupportsIndirectInputEvents = YES;
				INFOPLIST_KEY_UILaunchStoryboardName = LaunchScreen;
				INFOPLIST_KEY_UISupportedInterfaceOrientations_iPad = "UIInterfaceOrientationPortrait UIInterfaceOrientationPortraitUpsideDown UIInterfaceOrientationLandscapeLeft UIInterfaceOrientationLandscapeRight";
				INFOPLIST_KEY_UISupportedInterfaceOrientations_iPhone = "UIInterfaceOrientationPortrait UIInterfaceOrientationLandscapeLeft UIInterfaceOrientationLandscapeRight";
				IPHONEOS_DEPLOYMENT_TARGET = 16.0;
				LD_RUNPATH_SEARCH_PATHS = (
					"$(inherited)",
					"@executable_path/Frameworks",
				);
				MARKETING_VERSION = 1.0;
				PRODUCT_BUNDLE_IDENTIFIER = E.Mikhnevich.Noties;
				PRODUCT_NAME = "$(TARGET_NAME)";
				SWIFT_EMIT_LOC_STRINGS = YES;
				SWIFT_VERSION = 5.0;
				TARGETED_DEVICE_FAMILY = "1,2";
			};
			name = Debug;
		};
		5277C76E2A0970E400E11443 /* Release */ = {
			isa = XCBuildConfiguration;
			buildSettings = {
				ASSETCATALOG_COMPILER_APPICON_NAME = AppIcon;
				ASSETCATALOG_COMPILER_GLOBAL_ACCENT_COLOR_NAME = AccentColor;
				CODE_SIGN_STYLE = Automatic;
				CURRENT_PROJECT_VERSION = 1;
				DEVELOPMENT_TEAM = JDU8X493KS;
				GENERATE_INFOPLIST_FILE = YES;
				INFOPLIST_FILE = Noties/Info.plist;
				INFOPLIST_KEY_LSApplicationCategoryType = "public.app-category.productivity";
				INFOPLIST_KEY_UIApplicationSupportsIndirectInputEvents = YES;
				INFOPLIST_KEY_UILaunchStoryboardName = LaunchScreen;
				INFOPLIST_KEY_UISupportedInterfaceOrientations_iPad = "UIInterfaceOrientationPortrait UIInterfaceOrientationPortraitUpsideDown UIInterfaceOrientationLandscapeLeft UIInterfaceOrientationLandscapeRight";
				INFOPLIST_KEY_UISupportedInterfaceOrientations_iPhone = "UIInterfaceOrientationPortrait UIInterfaceOrientationLandscapeLeft UIInterfaceOrientationLandscapeRight";
				IPHONEOS_DEPLOYMENT_TARGET = 16.0;
				LD_RUNPATH_SEARCH_PATHS = (
					"$(inherited)",
					"@executable_path/Frameworks",
				);
				MARKETING_VERSION = 1.0;
				PRODUCT_BUNDLE_IDENTIFIER = E.Mikhnevich.Noties;
				PRODUCT_NAME = "$(TARGET_NAME)";
				SWIFT_EMIT_LOC_STRINGS = YES;
				SWIFT_VERSION = 5.0;
				TARGETED_DEVICE_FAMILY = "1,2";
			};
			name = Release;
		};
/* End XCBuildConfiguration section */

/* Begin XCConfigurationList section */
		5277C7502A0970E200E11443 /* Build configuration list for PBXProject "Noties" */ = {
			isa = XCConfigurationList;
			buildConfigurations = (
				5277C76A2A0970E400E11443 /* Debug */,
				5277C76B2A0970E400E11443 /* Release */,
			);
			defaultConfigurationIsVisible = 0;
			defaultConfigurationName = Release;
		};
		5277C76C2A0970E400E11443 /* Build configuration list for PBXNativeTarget "Noties" */ = {
			isa = XCConfigurationList;
			buildConfigurations = (
				5277C76D2A0970E400E11443 /* Debug */,
				5277C76E2A0970E400E11443 /* Release */,
			);
			defaultConfigurationIsVisible = 0;
			defaultConfigurationName = Release;
		};
/* End XCConfigurationList section */

/* Begin XCVersionGroup section */
		5277C7612A0970E200E11443 /* Noties.xcdatamodeld */ = {
			isa = XCVersionGroup;
			children = (
				5277C7622A0970E200E11443 /* Noties.xcdatamodel */,
			);
			currentVersion = 5277C7622A0970E200E11443 /* Noties.xcdatamodel */;
			path = Noties.xcdatamodeld;
			sourceTree = "<group>";
			versionGroupType = wrapper.xcdatamodel;
		};
/* End XCVersionGroup section */
	};
	rootObject = 5277C74D2A0970E200E11443 /* Project object */;
}
